// !$*UTF8*$!
{
	archiveVersion = 1;
	classes = {
	};
	objectVersion = 46;
	objects = {

/* Begin PBXBuildFile section */
		188E05FC1F1500A200BF4345 /* main.m in Sources */ = {isa = PBXBuildFile; fileRef = 188E05FB1F1500A200BF4345 /* main.m */; };
		188E05FF1F1500A200BF4345 /* AppDelegate.m in Sources */ = {isa = PBXBuildFile; fileRef = 188E05FE1F1500A200BF4345 /* AppDelegate.m */; };
		188E06021F1500A200BF4345 /* ViewController.m in Sources */ = {isa = PBXBuildFile; fileRef = 188E06011F1500A200BF4345 /* ViewController.m */; };
		188E06051F1500A200BF4345 /* Main.storyboard in Resources */ = {isa = PBXBuildFile; fileRef = 188E06031F1500A200BF4345 /* Main.storyboard */; };
		188E06071F1500A200BF4345 /* Assets.xcassets in Resources */ = {isa = PBXBuildFile; fileRef = 188E06061F1500A200BF4345 /* Assets.xcassets */; };
		188E060A1F1500A200BF4345 /* LaunchScreen.storyboard in Resources */ = {isa = PBXBuildFile; fileRef = 188E06081F1500A200BF4345 /* LaunchScreen.storyboard */; };
		188E06151F1500A200BF4345 /* video_recorderTests.m in Sources */ = {isa = PBXBuildFile; fileRef = 188E06141F1500A200BF4345 /* video_recorderTests.m */; };
		188E06201F1500A200BF4345 /* video_recorderUITests.m in Sources */ = {isa = PBXBuildFile; fileRef = 188E061F1F1500A200BF4345 /* video_recorderUITests.m */; };
/* End PBXBuildFile section */

/* Begin PBXContainerItemProxy section */
		188E06111F1500A200BF4345 /* PBXContainerItemProxy */ = {
			isa = PBXContainerItemProxy;
			containerPortal = 188E05EF1F1500A200BF4345 /* Project object */;
			proxyType = 1;
			remoteGlobalIDString = 188E05F61F1500A200BF4345;
			remoteInfo = video_recorder;
		};
		188E061C1F1500A200BF4345 /* PBXContainerItemProxy */ = {
			isa = PBXContainerItemProxy;
			containerPortal = 188E05EF1F1500A200BF4345 /* Project object */;
			proxyType = 1;
			remoteGlobalIDString = 188E05F61F1500A200BF4345;
			remoteInfo = video_recorder;
		};
/* End PBXContainerItemProxy section */

/* Begin PBXFileReference section */
		188E05F71F1500A200BF4345 /* video_recorder.app */ = {isa = PBXFileReference; explicitFileType = wrapper.application; includeInIndex = 0; path = video_recorder.app; sourceTree = BUILT_PRODUCTS_DIR; };
		188E05FB1F1500A200BF4345 /* main.m */ = {isa = PBXFileReference; lastKnownFileType = sourcecode.c.objc; path = main.m; sourceTree = "<group>"; };
		188E05FD1F1500A200BF4345 /* AppDelegate.h */ = {isa = PBXFileReference; lastKnownFileType = sourcecode.c.h; path = AppDelegate.h; sourceTree = "<group>"; };
		188E05FE1F1500A200BF4345 /* AppDelegate.m */ = {isa = PBXFileReference; lastKnownFileType = sourcecode.c.objc; path = AppDelegate.m; sourceTree = "<group>"; };
		188E06001F1500A200BF4345 /* ViewController.h */ = {isa = PBXFileReference; lastKnownFileType = sourcecode.c.h; path = ViewController.h; sourceTree = "<group>"; };
		188E06011F1500A200BF4345 /* ViewController.m */ = {isa = PBXFileReference; lastKnownFileType = sourcecode.c.objc; path = ViewController.m; sourceTree = "<group>"; };
		188E06041F1500A200BF4345 /* Base */ = {isa = PBXFileReference; lastKnownFileType = file.storyboard; name = Base; path = Base.lproj/Main.storyboard; sourceTree = "<group>"; };
		188E06061F1500A200BF4345 /* Assets.xcassets */ = {isa = PBXFileReference; lastKnownFileType = folder.assetcatalog; path = Assets.xcassets; sourceTree = "<group>"; };
		188E06091F1500A200BF4345 /* Base */ = {isa = PBXFileReference; lastKnownFileType = file.storyboard; name = Base; path = Base.lproj/LaunchScreen.storyboard; sourceTree = "<group>"; };
		188E060B1F1500A200BF4345 /* Info.plist */ = {isa = PBXFileReference; lastKnownFileType = text.plist.xml; path = Info.plist; sourceTree = "<group>"; };
		188E06101F1500A200BF4345 /* video_recorderTests.xctest */ = {isa = PBXFileReference; explicitFileType = wrapper.cfbundle; includeInIndex = 0; path = video_recorderTests.xctest; sourceTree = BUILT_PRODUCTS_DIR; };
		188E06141F1500A200BF4345 /* video_recorderTests.m */ = {isa = PBXFileReference; lastKnownFileType = sourcecode.c.objc; path = video_recorderTests.m; sourceTree = "<group>"; };
		188E06161F1500A200BF4345 /* Info.plist */ = {isa = PBXFileReference; lastKnownFileType = text.plist.xml; path = Info.plist; sourceTree = "<group>"; };
		188E061B1F1500A200BF4345 /* video_recorderUITests.xctest */ = {isa = PBXFileReference; explicitFileType = wrapper.cfbundle; includeInIndex = 0; path = video_recorderUITests.xctest; sourceTree = BUILT_PRODUCTS_DIR; };
		188E061F1F1500A200BF4345 /* video_recorderUITests.m */ = {isa = PBXFileReference; lastKnownFileType = sourcecode.c.objc; path = video_recorderUITests.m; sourceTree = "<group>"; };
		188E06211F1500A200BF4345 /* Info.plist */ = {isa = PBXFileReference; lastKnownFileType = text.plist.xml; path = Info.plist; sourceTree = "<group>"; };
/* End PBXFileReference section */

/* Begin PBXFrameworksBuildPhase section */
		188E05F41F1500A200BF4345 /* Frameworks */ = {
			isa = PBXFrameworksBuildPhase;
			buildActionMask = 2147483647;
			files = (
			);
			runOnlyForDeploymentPostprocessing = 0;
		};
		188E060D1F1500A200BF4345 /* Frameworks */ = {
			isa = PBXFrameworksBuildPhase;
			buildActionMask = 2147483647;
			files = (
			);
			runOnlyForDeploymentPostprocessing = 0;
		};
		188E06181F1500A200BF4345 /* Frameworks */ = {
			isa = PBXFrameworksBuildPhase;
			buildActionMask = 2147483647;
			files = (
			);
			runOnlyForDeploymentPostprocessing = 0;
		};
/* End PBXFrameworksBuildPhase section */

/* Begin PBXGroup section */
		188E05EE1F1500A200BF4345 = {
			isa = PBXGroup;
			children = (
				188E05F91F1500A200BF4345 /* video_recorder */,
				188E06131F1500A200BF4345 /* video_recorderTests */,
				188E061E1F1500A200BF4345 /* video_recorderUITests */,
				188E05F81F1500A200BF4345 /* Products */,
			);
			sourceTree = "<group>";
		};
		188E05F81F1500A200BF4345 /* Products */ = {
			isa = PBXGroup;
			children = (
				188E05F71F1500A200BF4345 /* video_recorder.app */,
				188E06101F1500A200BF4345 /* video_recorderTests.xctest */,
				188E061B1F1500A200BF4345 /* video_recorderUITests.xctest */,
			);
			name = Products;
			sourceTree = "<group>";
		};
		188E05F91F1500A200BF4345 /* video_recorder */ = {
			isa = PBXGroup;
			children = (
				188E05FD1F1500A200BF4345 /* AppDelegate.h */,
				188E05FE1F1500A200BF4345 /* AppDelegate.m */,
				188E06001F1500A200BF4345 /* ViewController.h */,
				188E06011F1500A200BF4345 /* ViewController.m */,
				188E06031F1500A200BF4345 /* Main.storyboard */,
				188E06061F1500A200BF4345 /* Assets.xcassets */,
				188E06081F1500A200BF4345 /* LaunchScreen.storyboard */,
				188E060B1F1500A200BF4345 /* Info.plist */,
				188E05FA1F1500A200BF4345 /* Supporting Files */,
			);
			path = video_recorder;
			sourceTree = "<group>";
		};
		188E05FA1F1500A200BF4345 /* Supporting Files */ = {
			isa = PBXGroup;
			children = (
				188E05FB1F1500A200BF4345 /* main.m */,
			);
			name = "Supporting Files";
			sourceTree = "<group>";
		};
		188E06131F1500A200BF4345 /* video_recorderTests */ = {
			isa = PBXGroup;
			children = (
				188E06141F1500A200BF4345 /* video_recorderTests.m */,
				188E06161F1500A200BF4345 /* Info.plist */,
			);
			path = video_recorderTests;
			sourceTree = "<group>";
		};
		188E061E1F1500A200BF4345 /* video_recorderUITests */ = {
			isa = PBXGroup;
			children = (
				188E061F1F1500A200BF4345 /* video_recorderUITests.m */,
				188E06211F1500A200BF4345 /* Info.plist */,
			);
			path = video_recorderUITests;
			sourceTree = "<group>";
		};
/* End PBXGroup section */

/* Begin PBXNativeTarget section */
		188E05F61F1500A200BF4345 /* video_recorder */ = {
			isa = PBXNativeTarget;
			buildConfigurationList = 188E06241F1500A200BF4345 /* Build configuration list for PBXNativeTarget "video_recorder" */;
			buildPhases = (
				188E05F31F1500A200BF4345 /* Sources */,
				188E05F41F1500A200BF4345 /* Frameworks */,
				188E05F51F1500A200BF4345 /* Resources */,
			);
			buildRules = (
			);
			dependencies = (
			);
			name = video_recorder;
			productName = video_recorder;
			productReference = 188E05F71F1500A200BF4345 /* video_recorder.app */;
			productType = "com.apple.product-type.application";
		};
		188E060F1F1500A200BF4345 /* video_recorderTests */ = {
			isa = PBXNativeTarget;
			buildConfigurationList = 188E06271F1500A200BF4345 /* Build configuration list for PBXNativeTarget "video_recorderTests" */;
			buildPhases = (
				188E060C1F1500A200BF4345 /* Sources */,
				188E060D1F1500A200BF4345 /* Frameworks */,
				188E060E1F1500A200BF4345 /* Resources */,
			);
			buildRules = (
			);
			dependencies = (
				188E06121F1500A200BF4345 /* PBXTargetDependency */,
			);
			name = video_recorderTests;
			productName = video_recorderTests;
			productReference = 188E06101F1500A200BF4345 /* video_recorderTests.xctest */;
			productType = "com.apple.product-type.bundle.unit-test";
		};
		188E061A1F1500A200BF4345 /* video_recorderUITests */ = {
			isa = PBXNativeTarget;
			buildConfigurationList = 188E062A1F1500A200BF4345 /* Build configuration list for PBXNativeTarget "video_recorderUITests" */;
			buildPhases = (
				188E06171F1500A200BF4345 /* Sources */,
				188E06181F1500A200BF4345 /* Frameworks */,
				188E06191F1500A200BF4345 /* Resources */,
			);
			buildRules = (
			);
			dependencies = (
				188E061D1F1500A200BF4345 /* PBXTargetDependency */,
			);
			name = video_recorderUITests;
			productName = video_recorderUITests;
			productReference = 188E061B1F1500A200BF4345 /* video_recorderUITests.xctest */;
			productType = "com.apple.product-type.bundle.ui-testing";
		};
/* End PBXNativeTarget section */

/* Begin PBXProject section */
		188E05EF1F1500A200BF4345 /* Project object */ = {
			isa = PBXProject;
			attributes = {
				LastUpgradeCheck = 0830;
				ORGANIZATIONNAME = xiaokai.zhan;
				TargetAttributes = {
					188E05F61F1500A200BF4345 = {
						CreatedOnToolsVersion = 8.3;
						ProvisioningStyle = Automatic;
					};
					188E060F1F1500A200BF4345 = {
						CreatedOnToolsVersion = 8.3;
						ProvisioningStyle = Automatic;
						TestTargetID = 188E05F61F1500A200BF4345;
					};
					188E061A1F1500A200BF4345 = {
						CreatedOnToolsVersion = 8.3;
						ProvisioningStyle = Automatic;
						TestTargetID = 188E05F61F1500A200BF4345;
					};
				};
			};
			buildConfigurationList = 188E05F21F1500A200BF4345 /* Build configuration list for PBXProject "video_recorder" */;
			compatibilityVersion = "Xcode 3.2";
			developmentRegion = English;
			hasScannedForEncodings = 0;
			knownRegions = (
				en,
				Base,
			);
			mainGroup = 188E05EE1F1500A200BF4345;
			productRefGroup = 188E05F81F1500A200BF4345 /* Products */;
			projectDirPath = "";
			projectRoot = "";
			targets = (
				188E05F61F1500A200BF4345 /* video_recorder */,
				188E060F1F1500A200BF4345 /* video_recorderTests */,
				188E061A1F1500A200BF4345 /* video_recorderUITests */,
			);
		};
/* End PBXProject section */

/* Begin PBXResourcesBuildPhase section */
		188E05F51F1500A200BF4345 /* Resources */ = {
			isa = PBXResourcesBuildPhase;
			buildActionMask = 2147483647;
			files = (
				188E060A1F1500A200BF4345 /* LaunchScreen.storyboard in Resources */,
				188E06071F1500A200BF4345 /* Assets.xcassets in Resources */,
				188E06051F1500A200BF4345 /* Main.storyboard in Resources */,
			);
			runOnlyForDeploymentPostprocessing = 0;
		};
		188E060E1F1500A200BF4345 /* Resources */ = {
			isa = PBXResourcesBuildPhase;
			buildActionMask = 2147483647;
			files = (
			);
			runOnlyForDeploymentPostprocessing = 0;
		};
		188E06191F1500A200BF4345 /* Resources */ = {
			isa = PBXResourcesBuildPhase;
			buildActionMask = 2147483647;
			files = (
			);
			runOnlyForDeploymentPostprocessing = 0;
		};
/* End PBXResourcesBuildPhase section */

/* Begin PBXSourcesBuildPhase section */
		188E05F31F1500A200BF4345 /* Sources */ = {
			isa = PBXSourcesBuildPhase;
			buildActionMask = 2147483647;
			files = (
				188E06021F1500A200BF4345 /* ViewController.m in Sources */,
				188E05FF1F1500A200BF4345 /* AppDelegate.m in Sources */,
				188E05FC1F1500A200BF4345 /* main.m in Sources */,
			);
			runOnlyForDeploymentPostprocessing = 0;
		};
		188E060C1F1500A200BF4345 /* Sources */ = {
			isa = PBXSourcesBuildPhase;
			buildActionMask = 2147483647;
			files = (
				188E06151F1500A200BF4345 /* video_recorderTests.m in Sources */,
			);
			runOnlyForDeploymentPostprocessing = 0;
		};
		188E06171F1500A200BF4345 /* Sources */ = {
			isa = PBXSourcesBuildPhase;
			buildActionMask = 2147483647;
			files = (
				188E06201F1500A200BF4345 /* video_recorderUITests.m in Sources */,
			);
			runOnlyForDeploymentPostprocessing = 0;
		};
/* End PBXSourcesBuildPhase section */

/* Begin PBXTargetDependency section */
		188E06121F1500A200BF4345 /* PBXTargetDependency */ = {
			isa = PBXTargetDependency;
			target = 188E05F61F1500A200BF4345 /* video_recorder */;
			targetProxy = 188E06111F1500A200BF4345 /* PBXContainerItemProxy */;
		};
		188E061D1F1500A200BF4345 /* PBXTargetDependency */ = {
			isa = PBXTargetDependency;
			target = 188E05F61F1500A200BF4345 /* video_recorder */;
			targetProxy = 188E061C1F1500A200BF4345 /* PBXContainerItemProxy */;
		};
/* End PBXTargetDependency section */

/* Begin PBXVariantGroup section */
		188E06031F1500A200BF4345 /* Main.storyboard */ = {
			isa = PBXVariantGroup;
			children = (
				188E06041F1500A200BF4345 /* Base */,
			);
			name = Main.storyboard;
			sourceTree = "<group>";
		};
		188E06081F1500A200BF4345 /* LaunchScreen.storyboard */ = {
			isa = PBXVariantGroup;
			children = (
				188E06091F1500A200BF4345 /* Base */,
			);
			name = LaunchScreen.storyboard;
			sourceTree = "<group>";
		};
/* End PBXVariantGroup section */

/* Begin XCBuildConfiguration section */
		188E06221F1500A200BF4345 /* Debug */ = {
			isa = XCBuildConfiguration;
			buildSettings = {
				ALWAYS_SEARCH_USER_PATHS = NO;
				CLANG_ANALYZER_NONNULL = YES;
				CLANG_ANALYZER_NUMBER_OBJECT_CONVERSION = YES_AGGRESSIVE;
				CLANG_CXX_LANGUAGE_STANDARD = "gnu++0x";
				CLANG_CXX_LIBRARY = "libc++";
				CLANG_ENABLE_MODULES = YES;
				CLANG_ENABLE_OBJC_ARC = YES;
				CLANG_WARN_BOOL_CONVERSION = YES;
				CLANG_WARN_CONSTANT_CONVERSION = YES;
				CLANG_WARN_DIRECT_OBJC_ISA_USAGE = YES_ERROR;
				CLANG_WARN_DOCUMENTATION_COMMENTS = YES;
				CLANG_WARN_EMPTY_BODY = YES;
				CLANG_WARN_ENUM_CONVERSION = YES;
				CLANG_WARN_INFINITE_RECURSION = YES;
				CLANG_WARN_INT_CONVERSION = YES;
				CLANG_WARN_OBJC_ROOT_CLASS = YES_ERROR;
				CLANG_WARN_SUSPICIOUS_MOVE = YES;
				CLANG_WARN_UNREACHABLE_CODE = YES;
				CLANG_WARN__DUPLICATE_METHOD_MATCH = YES;
				"CODE_SIGN_IDENTITY[sdk=iphoneos*]" = "iPhone Developer";
				COPY_PHASE_STRIP = NO;
				DEBUG_INFORMATION_FORMAT = dwarf;
				ENABLE_STRICT_OBJC_MSGSEND = YES;
				ENABLE_TESTABILITY = YES;
				GCC_C_LANGUAGE_STANDARD = gnu99;
				GCC_DYNAMIC_NO_PIC = NO;
				GCC_NO_COMMON_BLOCKS = YES;
				GCC_OPTIMIZATION_LEVEL = 0;
				GCC_PREPROCESSOR_DEFINITIONS = (
					"DEBUG=1",
					"$(inherited)",
				);
				GCC_WARN_64_TO_32_BIT_CONVERSION = YES;
				GCC_WARN_ABOUT_RETURN_TYPE = YES_ERROR;
				GCC_WARN_UNDECLARED_SELECTOR = YES;
				GCC_WARN_UNINITIALIZED_AUTOS = YES_AGGRESSIVE;
				GCC_WARN_UNUSED_FUNCTION = YES;
				GCC_WARN_UNUSED_VARIABLE = YES;
				IPHONEOS_DEPLOYMENT_TARGET = 10.3;
				MTL_ENABLE_DEBUG_INFO = YES;
				ONLY_ACTIVE_ARCH = YES;
				SDKROOT = iphoneos;
			};
			name = Debug;
		};
		188E06231F1500A200BF4345 /* Release */ = {
			isa = XCBuildConfiguration;
			buildSettings = {
				ALWAYS_SEARCH_USER_PATHS = NO;
				CLANG_ANALYZER_NONNULL = YES;
				CLANG_ANALYZER_NUMBER_OBJECT_CONVERSION = YES_AGGRESSIVE;
				CLANG_CXX_LANGUAGE_STANDARD = "gnu++0x";
				CLANG_CXX_LIBRARY = "libc++";
				CLANG_ENABLE_MODULES = YES;
				CLANG_ENABLE_OBJC_ARC = YES;
				CLANG_WARN_BOOL_CONVERSION = YES;
				CLANG_WARN_CONSTANT_CONVERSION = YES;
				CLANG_WARN_DIRECT_OBJC_ISA_USAGE = YES_ERROR;
				CLANG_WARN_DOCUMENTATION_COMMENTS = YES;
				CLANG_WARN_EMPTY_BODY = YES;
				CLANG_WARN_ENUM_CONVERSION = YES;
				CLANG_WARN_INFINITE_RECURSION = YES;
				CLANG_WARN_INT_CONVERSION = YES;
				CLANG_WARN_OBJC_ROOT_CLASS = YES_ERROR;
				CLANG_WARN_SUSPICIOUS_MOVE = YES;
				CLANG_WARN_UNREACHABLE_CODE = YES;
				CLANG_WARN__DUPLICATE_METHOD_MATCH = YES;
				"CODE_SIGN_IDENTITY[sdk=iphoneos*]" = "iPhone Developer";
				COPY_PHASE_STRIP = NO;
				DEBUG_INFORMATION_FORMAT = "dwarf-with-dsym";
				ENABLE_NS_ASSERTIONS = NO;
				ENABLE_STRICT_OBJC_MSGSEND = YES;
				GCC_C_LANGUAGE_STANDARD = gnu99;
				GCC_NO_COMMON_BLOCKS = YES;
				GCC_WARN_64_TO_32_BIT_CONVERSION = YES;
				GCC_WARN_ABOUT_RETURN_TYPE = YES_ERROR;
				GCC_WARN_UNDECLARED_SELECTOR = YES;
				GCC_WARN_UNINITIALIZED_AUTOS = YES_AGGRESSIVE;
				GCC_WARN_UNUSED_FUNCTION = YES;
				GCC_WARN_UNUSED_VARIABLE = YES;
				IPHONEOS_DEPLOYMENT_TARGET = 10.3;
				MTL_ENABLE_DEBUG_INFO = NO;
				SDKROOT = iphoneos;
				VALIDATE_PRODUCT = YES;
			};
			name = Release;
		};
		188E06251F1500A200BF4345 /* Debug */ = {
			isa = XCBuildConfiguration;
			buildSettings = {
				ASSETCATALOG_COMPILER_APPICON_NAME = AppIcon;
				INFOPLIST_FILE = video_recorder/Info.plist;
				LD_RUNPATH_SEARCH_PATHS = "$(inherited) @executable_path/Frameworks";
				PRODUCT_BUNDLE_IDENTIFIER = "com.phuket.tour.video-recorder";
				PRODUCT_NAME = "$(TARGET_NAME)";
			};
			name = Debug;
		};
		188E06261F1500A200BF4345 /* Release */ = {
			isa = XCBuildConfiguration;
			buildSettings = {
				ASSETCATALOG_COMPILER_APPICON_NAME = AppIcon;
				INFOPLIST_FILE = video_recorder/Info.plist;
				LD_RUNPATH_SEARCH_PATHS = "$(inherited) @executable_path/Frameworks";
				PRODUCT_BUNDLE_IDENTIFIER = "com.phuket.tour.video-recorder";
				PRODUCT_NAME = "$(TARGET_NAME)";
			};
			name = Release;
		};
		188E06281F1500A200BF4345 /* Debug */ = {
			isa = XCBuildConfiguration;
			buildSettings = {
				BUNDLE_LOADER = "$(TEST_HOST)";
				INFOPLIST_FILE = video_recorderTests/Info.plist;
				LD_RUNPATH_SEARCH_PATHS = "$(inherited) @executable_path/Frameworks @loader_path/Frameworks";
				PRODUCT_BUNDLE_IDENTIFIER = "com.phuket.tour.video-recorderTests";
				PRODUCT_NAME = "$(TARGET_NAME)";
				TEST_HOST = "$(BUILT_PRODUCTS_DIR)/video_recorder.app/video_recorder";
			};
			name = Debug;
		};
		188E06291F1500A200BF4345 /* Release */ = {
			isa = XCBuildConfiguration;
			buildSettings = {
				BUNDLE_LOADER = "$(TEST_HOST)";
				INFOPLIST_FILE = video_recorderTests/Info.plist;
				LD_RUNPATH_SEARCH_PATHS = "$(inherited) @executable_path/Frameworks @loader_path/Frameworks";
				PRODUCT_BUNDLE_IDENTIFIER = "com.phuket.tour.video-recorderTests";
				PRODUCT_NAME = "$(TARGET_NAME)";
				TEST_HOST = "$(BUILT_PRODUCTS_DIR)/video_recorder.app/video_recorder";
			};
			name = Release;
		};
		188E062B1F1500A200BF4345 /* Debug */ = {
			isa = XCBuildConfiguration;
			buildSettings = {
				INFOPLIST_FILE = video_recorderUITests/Info.plist;
				LD_RUNPATH_SEARCH_PATHS = "$(inherited) @executable_path/Frameworks @loader_path/Frameworks";
				PRODUCT_BUNDLE_IDENTIFIER = "com.phuket.tour.video-recorderUITests";
				PRODUCT_NAME = "$(TARGET_NAME)";
				TEST_TARGET_NAME = video_recorder;
			};
			name = Debug;
		};
		188E062C1F1500A200BF4345 /* Release */ = {
			isa = XCBuildConfiguration;
			buildSettings = {
				INFOPLIST_FILE = video_recorderUITests/Info.plist;
				LD_RUNPATH_SEARCH_PATHS = "$(inherited) @executable_path/Frameworks @loader_path/Frameworks";
				PRODUCT_BUNDLE_IDENTIFIER = "com.phuket.tour.video-recorderUITests";
				PRODUCT_NAME = "$(TARGET_NAME)";
				TEST_TARGET_NAME = video_recorder;
			};
			name = Release;
		};
/* End XCBuildConfiguration section */

/* Begin XCConfigurationList section */
		188E05F21F1500A200BF4345 /* Build configuration list for PBXProject "video_recorder" */ = {
			isa = XCConfigurationList;
			buildConfigurations = (
				188E06221F1500A200BF4345 /* Debug */,
				188E06231F1500A200BF4345 /* Release */,
			);
			defaultConfigurationIsVisible = 0;
			defaultConfigurationName = Release;
		};
		188E06241F1500A200BF4345 /* Build configuration list for PBXNativeTarget "video_recorder" */ = {
			isa = XCConfigurationList;
			buildConfigurations = (
				188E06251F1500A200BF4345 /* Debug */,
				188E06261F1500A200BF4345 /* Release */,
			);
			defaultConfigurationIsVisible = 0;
		};
		188E06271F1500A200BF4345 /* Build configuration list for PBXNativeTarget "video_recorderTests" */ = {
			isa = XCConfigurationList;
			buildConfigurations = (
				188E06281F1500A200BF4345 /* Debug */,
				188E06291F1500A200BF4345 /* Release */,
			);
			defaultConfigurationIsVisible = 0;
		};
		188E062A1F1500A200BF4345 /* Build configuration list for PBXNativeTarget "video_recorderUITests" */ = {
			isa = XCConfigurationList;
			buildConfigurations = (
				188E062B1F1500A200BF4345 /* Debug */,
				188E062C1F1500A200BF4345 /* Release */,
			);
			defaultConfigurationIsVisible = 0;
		};
/* End XCConfigurationList section */
	};
	rootObject = 188E05EF1F1500A200BF4345 /* Project object */;
}
